document: rfc-8575
kind: protocol-element
summary: 'The ''parent-ds'' container identifies the master clock: parent-port-identity (clockIdentity + portNumber), parent-stats boolean, observed-parent-offset-scaled-log-variance (uint16, default 65535), observed-parent-clock-phase-change-rate (int32), grandmaster-identity, grandmaster-clock-quality, grandmaster-priority1, and grandmaster-priority2, per IEEE Std 1588-2008 subclause 8.2.3.'
section: "3"
topics:
    - yang
    - ntp
extracted_by: claude-sonnet-4-6
extracted_at: "2026-07-05"
