document: rfc-2366
kind: protocol-element
summary: The marsServerMapTable caches IP multicast group address block (min/max IpAddress pair) to MCS ATM address mappings; rows are classified as static or dynamic, with dynamic rows protected from modification or deletion.
section: "3"
topics:
    - multicast
    - snmp
extracted_by: claude-sonnet-4-6
extracted_at: "2026-05-24"
