document: rfc-4855
kind: protocol-element
summary: The 'rate' parameter specifies the RTP timestamp clock rate and is required when the payload format does not have a fixed clock rate. The typical rate for audio is 8000; other rates may be specified.
section: "2"
topics:
    - rtp
    - realtime
extracted_by: claude-sonnet-4-6
extracted_at: "2026-06-16"
