document: rfc-2793
kind: wire-format
summary: A T140 RTP packet with one redundant T140block uses PT='RED', followed by a redundant data block header (1-bit marker=1, T140 PT, 14-bit timestamp offset, block length), then a primary data block header (1-bit marker=0, T140 PT), redundant T.140 data, and primary T.140 data.
section: "4"
topics:
    - rtp
    - realtime
extracted_by: claude-sonnet-4-6
extracted_at: "2026-05-24"
