document: rfc-5265
kind: normative-requirement
summary: The enterprise firewall MUST be configured to block traffic originating from external networks destined for the i-HA, so that a successful RRQ/RRP exchange without IPsec cannot be achieved unless the MN is on the trusted internal network.
section: "3.1"
rfc2119_level: MUST
topics:
    - security
    - vpn
extracted_by: claude-sonnet-4-6
extracted_at: "2026-06-17"
