document: rfc-9903
kind: protocol-element
summary: The SR Local Block TLV grouping ('local-block-tlvs') models the SRLB — the range of labels reserved for local SIDs — as a list of TLVs with range-size (uint24; zero indicates error) and SID encoding, per RFC 8665 Section 3.3.
section: "3"
topics:
    - mpls
    - routing
extracted_by: claude-sonnet-4-6
extracted_at: "2026-07-19"
