document: rfc-7648
kind: security-consideration
summary: The device embedding the PCP proxy MAY block PCP requests directly sent to the upstream PCP server(s) using ACLs, preventing clients from bypassing the proxy.
section: "4"
rfc2119_level: MAY
topics:
    - pcp
    - security
    - nat
extracted_by: claude-sonnet-4-6
extracted_at: "2026-06-22"
