document: rfc-6022
kind: protocol-element
summary: The partial-lock list entry contains a lock-id (uint32), lock-info (locked-by-session, locked-time), one or more XPath select expressions used to request the lock, and a list of locked-node instance-identifiers defining the actual locked scope.
section: "5"
topics:
    - yang
    - netconf
extracted_by: claude-sonnet-4-6
extracted_at: "2026-06-17"
