document: rfc-4132
kind: wire-format
summary: CAMELLIA_128_CBC uses a 128-bit block cipher with 16 bytes of key material, 16-byte IV, and 16-byte block size. CAMELLIA_256_CBC uses 32 bytes of key material with the same IV and block size.
section: "3.1"
topics:
    - tls
    - crypto
extracted_by: claude-sonnet-4-6
extracted_at: "2026-06-16"
