document: rfc-3611
kind: wire-format
summary: The VoIP Metrics Report Block (BT=7, block length=8) is seven 32-bit words encoding loss rate, discard rate, burst/gap density/duration, round-trip delay, end system delay, signal level, noise level, RERL, Gmin, R factor, ext. R factor, MOS-LQ, MOS-CQ, RX config, JB nominal/maximum/abs max.
section: "4.7"
topics:
    - rtp
    - realtime
    - voip
extracted_by: claude-sonnet-4-6
extracted_at: "2026-06-15"
