document: rfc-2405
kind: protocol-element
summary: DES-CBC uses a symmetric secret-key block algorithm with a 64-bit block size and a 64-bit key (56 significant bits; least significant bit of each byte is a parity bit).
section: "2"
topics:
    - ipsec
    - crypto
extracted_by: claude-sonnet-4-6
extracted_at: "2026-05-24"
