document: rfc-5717
kind: protocol-element
summary: The <partial-unlock> RPC takes a single lock-id parameter identifying the previously granted partial lock to release. It returns <ok> on success, including when all locked nodes have been deleted.
section: 2.4.2
topics:
    - netconf
    - yang
extracted_by: claude-sonnet-4-6
extracted_at: "2026-06-17"
