document: rfc-7509
kind: wire-format
summary: 'The block is 5 32-bit words (block length=4): BT=33 (8 bits), Reserved (8 bits), Block length (16 bits), SSRC of Source (32 bits), begin_seq (16 bits), end_seq (16 bits), Post-repair loss count (16 bits), Repaired loss count (16 bits).'
section: "3.1"
topics:
    - rtp
    - realtime
extracted_by: claude-sonnet-4-6
extracted_at: "2026-06-21"
