document: rfc-5640
kind: normative-requirement
summary: The value field of the Load-Balancing Block sub-TLV MUST NOT exceed the size of the load-balancing field defined for the tunnel type.
section: "2"
rfc2119_level: MUST NOT
topics:
    - vpn
    - bgp
extracted_by: claude-sonnet-4-6
extracted_at: "2026-06-17"
