document: rfc-5907
kind: protocol-element
summary: ntpAssociationTable provides per-association status including name, refclock driver ID, IPv4/IPv6 address (with optional zone index), time offset, stratum, jitter, delay, and root dispersion.
section: "5"
topics:
    - ntp
    - snmp
extracted_by: claude-sonnet-4-6
extracted_at: "2026-06-17"
