document: rfc-3982
kind: protocol-element
summary: 'Domain status values defined in the <status> block include: reservedDelegation, assignedAndActive, assignedAndInactive, assignedAndOnHold, revoked, transferPending, registryLock, and registrarLock. None of these may appear more than once within a single <status> element.'
section: 3.2.2
topics:
    - dns
    - registry
extracted_by: claude-sonnet-4-6
extracted_at: "2026-06-16"
