document: rfc-4918
kind: normative-requirement
summary: Any DAV-compliant resource that supports the LOCK method MUST support both the DAV:supportedlock property (for lock capability discovery) and the DAV:lockdiscovery property (for active lock discovery).
section: "6.7"
rfc2119_level: MUST
topics:
    - http
extracted_by: claude-sonnet-4-6
extracted_at: "2026-06-16"
