document: rfc-7272
kind: registry
summary: This document updates the IANA 'RTCP XR Block Types' registry, reassigning Block Type value 12 (BT=12) from the ETSI TISPAN IDMS block to the RTCP XR IDMS Report Block defined here.
section: "13.2"
topics:
    - rtp
    - realtime
    - registry
extracted_by: claude-sonnet-4-6
extracted_at: "2026-06-21"
