document: rfc-5784
kind: normative-requirement
summary: Editors SHALL NOT include the string '*/' within displayblock, displaydata, or foreign markup because it would prematurely terminate a bracketed Sieve comment when the XML is converted to normal Sieve format.
section: "4.2"
rfc2119_level: REQUIRED
topics:
    - email
extracted_by: claude-sonnet-4-6
extracted_at: "2026-06-17"
