document: rfc-1450
kind: protocol-element
summary: snmpSetSerialNo (TestAndIncr, read-write) is an advisory lock in the Set Group that allows cooperating SNMPv2 manager entities to coordinate their use of the SNMPv2 Set operation via coarse-grain serialization.
section: "3.5"
topics:
    - snmp
extracted_by: claude-sonnet-4-6
extracted_at: "2026-05-24"
