document: rfc-3555
kind: protocol-element
summary: The 'rate' parameter specifies the RTP timestamp clock rate; it is required for payload formats that do not have a fixed clock rate. Most audio formats set rate equal to the audio sampling rate.
section: "2"
topics:
    - rtp
    - realtime
extracted_by: claude-sonnet-4-6
extracted_at: "2026-06-15"
