document: rfc-2248
kind: design-rationale
summary: The MIB is designed as a building block to be used in conjunction with application-specific MIBs (e.g., for MTAs or DSAs), providing only the facilities common to any network service application. Each specific application type is expected to have its own MIB extending these common facilities.
section: "4.1"
topics:
    - snmp
extracted_by: claude-sonnet-4-6
extracted_at: "2026-05-24"
