document: rfc-9482
kind: normative-requirement
summary: EEs and RAs or CAs MUST use block-wise transfer mode (RFC 7959) to transfer CMP messages larger than the MTU of the outgoing interface, instead of relying on IP fragmentation.
section: "2.4"
rfc2119_level: MUST
topics:
    - pkix
extracted_by: claude-sonnet-4-6
extracted_at: "2026-07-06"
