document: rfc-4755
kind: registry
summary: The InfiniBand specification defines a 64-bit block of Service-IDs (starting with 0x01) for IETF use. The definition and management of this block is delegated to the IETF. IPoIB Service-IDs use a specific format within this block.
section: "3.5"
topics:
    - ip
    - registry
extracted_by: claude-sonnet-4-6
extracted_at: "2026-06-16"
