document: rfc-2366
kind: protocol-element
summary: The marsHostMapTable caches IP multicast group address block (min/max IpAddress pair) to cluster member ATM address mappings; rows are classified as static (configured) or dynamic (learned from MARS group updates), and dynamic rows are protected from modification or deletion.
section: "3"
topics:
    - multicast
    - snmp
extracted_by: claude-sonnet-4-6
extracted_at: "2026-05-24"
