document: rfc-8173
kind: protocol-element
summary: 'ptpbaseClockRunningTable (ptpbaseMIBClockInfo 4) provides operational statistics per clock instance: ptpbaseClockRunningState (PtpClockStateType), ptpbaseClockRunningPacketsSent (Counter64), and ptpbaseClockRunningPacketsReceived (Counter64). Counters are noted as discontinuous.'
section: "4"
topics:
    - snmp
    - ntp
extracted_by: claude-sonnet-4-6
extracted_at: "2026-07-05"
