document: rfc-2788
kind: design-rationale
summary: The MIB is designed as a building block providing only attributes common to all network service applications. Application-specific monitoring (e.g., MTA, DSA) is handled by separate extension MIBs that augment this common base.
section: "2.1"
topics:
    - snmp
extracted_by: claude-sonnet-4-6
extracted_at: "2026-05-24"
