id: draft-sipos-dtn-manifest-block
name: draft-sipos-dtn-manifest-block
rev: "00"
title: Bundle Protocol (BP) Manifest Block
abstract: |-
    This document defines an extension block type for Bundle Protocol
       version 7 to capture discretionary summary data about the state of a
       Bundle at the time the extension block is added.  This Manifest
       structure is a general purpose container for information about other
       blocks, and can be used as a piece-part of a larger security
       operation.
pages: 22
stream_state: active
group: none
last_updated: "2026-02-05"
expires: "2026-07-03"
url: https://datatracker.ietf.org/doc/draft-sipos-dtn-manifest-block/
source: datatracker
ingested_at: "2026-05-21"
